
Microsoft Visual Studio Solution File, Format Version 12.00
Project("{FAE04EC0-301F-11D3-BF4B-00C04F79EFBC}") = "CsharpCraftingInterpreters", "CsharpCraftingInterpreters\CsharpCraftingInterpreters.csproj", "{B0EBA467-CCAF-4FDF-8A61-9C3CE6E03A24}"
EndProject
Global
	GlobalSection(SolutionConfigurationPlatforms) = preSolution
		Debug|Any CPU = Debug|Any CPU
		Release|Any CPU = Release|Any CPU
	EndGlobalSection
	GlobalSection(ProjectConfigurationPlatforms) = postSolution
		{B0EBA467-CCAF-4FDF-8A61-9C3CE6E03A24}.Debug|Any CPU.ActiveCfg = Debug|Any CPU
		{B0EBA467-CCAF-4FDF-8A61-9C3CE6E03A24}.Debug|Any CPU.Build.0 = Debug|Any CPU
		{B0EBA467-CCAF-4FDF-8A61-9C3CE6E03A24}.Release|Any CPU.ActiveCfg = Release|Any CPU
		{B0EBA467-CCAF-4FDF-8A61-9C3CE6E03A24}.Release|Any CPU.Build.0 = Release|Any CPU
	EndGlobalSection
EndGlobal
